
Microsoft Visual Studio Solution File, Format Version 12.00
# Visual Studio Version 17
VisualStudioVersion = 17.8.34322.80
MinimumVisualStudioVersion = 10.0.40219.1
Project("{FAE04EC0-301F-11D3-BF4B-00C04F79EFBC}") = "FoodOrderSite", "FoodOrderSite\FoodOrderSite.csproj", "{0D4269A4-450D-4B50-B9AA-B4952FBF3B83}"
EndProject
Global
	GlobalSection(SolutionConfigurationPlatforms) = preSolution
		Debug|Any CPU = Debug|Any CPU
		Release|Any CPU = Release|Any CPU
	EndGlobalSection
	GlobalSection(ProjectConfigurationPlatforms) = postSolution
		{0D4269A4-450D-4B50-B9AA-B4952FBF3B83}.Debug|Any CPU.ActiveCfg = Debug|Any CPU
		{0D4269A4-450D-4B50-B9AA-B4952FBF3B83}.Debug|Any CPU.Build.0 = Debug|Any CPU
		{0D4269A4-450D-4B50-B9AA-B4952FBF3B83}.Release|Any CPU.ActiveCfg = Release|Any CPU
		{0D4269A4-450D-4B50-B9AA-B4952FBF3B83}.Release|Any CPU.Build.0 = Release|Any CPU
	EndGlobalSection
	GlobalSection(SolutionProperties) = preSolution
		HideSolutionNode = FALSE
	EndGlobalSection
	GlobalSection(ExtensibilityGlobals) = postSolution
		SolutionGuid = {7A8B0A59-7E1E-40CA-B708-ACBE3E3F3579}
	EndGlobalSection
EndGlobal
